<?xml version="1.0" encoding="utf-8"?>
<Project ToolsVersion="4.0" xmlns="http://schemas.microsoft.com/developer/msbuild/2003">
  <ItemGroup>
    <Filter Include="Source Files">
      <UniqueIdentifier>{4FC737F1-C7A5-4376-A066-2A32D752A2FF}</UniqueIdentifier>
      <Extensions>cpp;c;cc;cxx;def;odl;idl;hpj;bat;asm;asmx</Extensions>
    </Filter>
    <Filter Include="Header Files">
      <UniqueIdentifier>{93995380-89BD-4b04-88EB-625FBE52EBFB}</UniqueIdentifier>
      <Extensions>h;hpp;hxx;hm;inl;inc;xsd</Extensions>
    </Filter>
    <Filter Include="Resource Files">
      <UniqueIdentifier>{67DA6AB6-F800-4c08-8B7A-83BB121AAD01}</UniqueIdentifier>
      <Extensions>rc;ico;cur;bmp;dlg;rc2;rct;bin;rgs;gif;jpg;jpeg;jpe;resx;tiff;tif;png;wav;mfcribbon-ms</Extensions>
    </Filter>
    <Filter Include="Source Files\alglib">
      <UniqueIdentifier>{8940abe9-42bd-4b71-94b5-c057038331dd}</UniqueIdentifier>
    </Filter>
  </ItemGroup>
  <ItemGroup>
    <ClCompile Include="main.cpp">
      <Filter>Source Files</Filter>
    </ClCompile>
    <ClCompile Include="..\alglib-3.9.0\src\alglibinternal.cpp">
      <Filter>Source Files\alglib</Filter>
    </ClCompile>
    <ClCompile Include="..\alglib-3.9.0\src\alglibmisc.cpp">
      <Filter>Source Files\alglib</Filter>
    </ClCompile>
    <ClCompile Include="..\alglib-3.9.0\src\ap.cpp">
      <Filter>Source Files\alglib</Filter>
    </ClCompile>
    <ClCompile Include="..\alglib-3.9.0\src\dataanalysis.cpp">
      <Filter>Source Files\alglib</Filter>
    </ClCompile>
    <ClCompile Include="..\alglib-3.9.0\src\diffequations.cpp">
      <Filter>Source Files\alglib</Filter>
    </ClCompile>
    <ClCompile Include="..\alglib-3.9.0\src\fasttransforms.cpp">
      <Filter>Source Files\alglib</Filter>
    </ClCompile>
    <ClCompile Include="..\alglib-3.9.0\src\integration.cpp">
      <Filter>Source Files\alglib</Filter>
    </ClCompile>
    <ClCompile Include="..\alglib-3.9.0\src\interpolation.cpp">
      <Filter>Source Files\alglib</Filter>
    </ClCompile>
    <ClCompile Include="..\alglib-3.9.0\src\linalg.cpp">
      <Filter>Source Files\alglib</Filter>
    </ClCompile>
    <ClCompile Include="..\alglib-3.9.0\src\optimization.cpp">
      <Filter>Source Files\alglib</Filter>
    </ClCompile>
    <ClCompile Include="..\alglib-3.9.0\src\solvers.cpp">
      <Filter>Source Files\alglib</Filter>
    </ClCompile>
    <ClCompile Include="..\alglib-3.9.0\src\specialfunctions.cpp">
      <Filter>Source Files\alglib</Filter>
    </ClCompile>
    <ClCompile Include="..\alglib-3.9.0\src\statistics.cpp">
      <Filter>Source Files\alglib</Filter>
    </ClCompile>
  </ItemGroup>
  <ItemGroup>
    <ClInclude Include="..\alglib-3.9.0\src\linalg.h">
      <Filter>Source Files\alglib</Filter>
    </ClInclude>
    <ClInclude Include="..\alglib-3.9.0\src\alglibinternal.h">
      <Filter>Source Files\alglib</Filter>
    </ClInclude>
    <ClInclude Include="..\alglib-3.9.0\src\alglibmisc.h">
      <Filter>Source Files\alglib</Filter>
    </ClInclude>
    <ClInclude Include="..\alglib-3.9.0\src\ap.h">
      <Filter>Source Files\alglib</Filter>
    </ClInclude>
    <ClInclude Include="..\alglib-3.9.0\src\dataanalysis.h">
      <Filter>Source Files\alglib</Filter>
    </ClInclude>
    <ClInclude Include="..\alglib-3.9.0\src\diffequations.h">
      <Filter>Source Files\alglib</Filter>
    </ClInclude>
    <ClInclude Include="..\alglib-3.9.0\src\fasttransforms.h">
      <Filter>Source Files\alglib</Filter>
    </ClInclude>
    <ClInclude Include="..\alglib-3.9.0\src\integration.h">
      <Filter>Source Files\alglib</Filter>
    </ClInclude>
    <ClInclude Include="..\alglib-3.9.0\src\interpolation.h">
      <Filter>Source Files\alglib</Filter>
    </ClInclude>
    <ClInclude Include="..\alglib-3.9.0\src\stdafx.h">
      <Filter>Source Files\alglib</Filter>
    </ClInclude>
    <ClInclude Include="..\alglib-3.9.0\src\optimization.h">
      <Filter>Source Files\alglib</Filter>
    </ClInclude>
    <ClInclude Include="..\alglib-3.9.0\src\solvers.h">
      <Filter>Source Files\alglib</Filter>
    </ClInclude>
    <ClInclude Include="..\alglib-3.9.0\src\specialfunctions.h">
      <Filter>Source Files\alglib</Filter>
    </ClInclude>
    <ClInclude Include="..\alglib-3.9.0\src\statistics.h">
      <Filter>Source Files\alglib</Filter>
    </ClInclude>
  </ItemGroup>
</Project>